
Microsoft Visual Studio Solution File, Format Version 12.00
# Visual Studio Version 17
VisualStudioVersion = 17.5.002.0
MinimumVisualStudioVersion = 10.0.40219.1
Project("{2150E333-8FDC-42A3-9474-1A3956D46DE8}") = "src", "src", "{4C276252-8102-4274-B002-00966BAD11DA}"
EndProject
Project("{9A19103F-16F7-4668-BE54-9A1E7A4F7556}") = "School2024.Application", "src\School2024.Application\School2024.Application.csproj", "{B4D6A8F2-AD3E-4481-AB47-0D5212C9E843}"
EndProject
Project("{9A19103F-16F7-4668-BE54-9A1E7A4F7556}") = "School2024.Domain", "src\School2024.Domain\School2024.Domain.csproj", "{08811D18-E15F-4ACF-AAC8-454F03809CA2}"
EndProject
Project("{9A19103F-16F7-4668-BE54-9A1E7A4F7556}") = "School2024.ServicesForTestTask", "src\School2024.ServicesForTestTask\School2024.ServicesForTestTask.csproj", "{594CF3E1-288C-4CC8-A817-CD4D5EFB5E4F}"
EndProject
Global
	GlobalSection(SolutionConfigurationPlatforms) = preSolution
		Debug|Any CPU = Debug|Any CPU
		Release|Any CPU = Release|Any CPU
	EndGlobalSection
	GlobalSection(ProjectConfigurationPlatforms) = postSolution
		{B4D6A8F2-AD3E-4481-AB47-0D5212C9E843}.Debug|Any CPU.ActiveCfg = Debug|Any CPU
		{B4D6A8F2-AD3E-4481-AB47-0D5212C9E843}.Debug|Any CPU.Build.0 = Debug|Any CPU
		{B4D6A8F2-AD3E-4481-AB47-0D5212C9E843}.Release|Any CPU.ActiveCfg = Release|Any CPU
		{B4D6A8F2-AD3E-4481-AB47-0D5212C9E843}.Release|Any CPU.Build.0 = Release|Any CPU
		{08811D18-E15F-4ACF-AAC8-454F03809CA2}.Debug|Any CPU.ActiveCfg = Debug|Any CPU
		{08811D18-E15F-4ACF-AAC8-454F03809CA2}.Debug|Any CPU.Build.0 = Debug|Any CPU
		{08811D18-E15F-4ACF-AAC8-454F03809CA2}.Release|Any CPU.ActiveCfg = Release|Any CPU
		{08811D18-E15F-4ACF-AAC8-454F03809CA2}.Release|Any CPU.Build.0 = Release|Any CPU
		{594CF3E1-288C-4CC8-A817-CD4D5EFB5E4F}.Debug|Any CPU.ActiveCfg = Debug|Any CPU
		{594CF3E1-288C-4CC8-A817-CD4D5EFB5E4F}.Debug|Any CPU.Build.0 = Debug|Any CPU
		{594CF3E1-288C-4CC8-A817-CD4D5EFB5E4F}.Release|Any CPU.ActiveCfg = Release|Any CPU
		{594CF3E1-288C-4CC8-A817-CD4D5EFB5E4F}.Release|Any CPU.Build.0 = Release|Any CPU
	EndGlobalSection
	GlobalSection(SolutionProperties) = preSolution
		HideSolutionNode = FALSE
	EndGlobalSection
	GlobalSection(NestedProjects) = preSolution
		{B4D6A8F2-AD3E-4481-AB47-0D5212C9E843} = {4C276252-8102-4274-B002-00966BAD11DA}
		{08811D18-E15F-4ACF-AAC8-454F03809CA2} = {4C276252-8102-4274-B002-00966BAD11DA}
		{594CF3E1-288C-4CC8-A817-CD4D5EFB5E4F} = {4C276252-8102-4274-B002-00966BAD11DA}
	EndGlobalSection
	GlobalSection(ExtensibilityGlobals) = postSolution
		SolutionGuid = {BEAC5A21-5B6B-4998-8D8E-CB6D4D6DE26A}
	EndGlobalSection
EndGlobal
